
Microsoft Visual Studio Solution File, Format Version 12.00
# Visual Studio Version 17
VisualStudioVersion = 17.5.33516.290
MinimumVisualStudioVersion = 10.0.40219.1
Project("{FAE04EC0-301F-11D3-BF4B-00C04F79EFBC}") = "TennisScoreboardApp.Server", "TennisScoreboardApp\Server\TennisScoreboardApp.Server.csproj", "{14391B19-19DE-43CB-98A1-F94617713517}"
EndProject
Project("{FAE04EC0-301F-11D3-BF4B-00C04F79EFBC}") = "TennisScoreboardApp.Client", "TennisScoreboardApp\Client\TennisScoreboardApp.Client.csproj", "{B849481A-3182-42FE-AD23-EAD6C38D0249}"
EndProject
Project("{FAE04EC0-301F-11D3-BF4B-00C04F79EFBC}") = "TennisScoreboardApp.Shared", "TennisScoreboardApp\Shared\TennisScoreboardApp.Shared.csproj", "{C645F7D2-0449-45F3-946F-FE82477B513F}"
EndProject
Global
	GlobalSection(SolutionConfigurationPlatforms) = preSolution
		Debug|Any CPU = Debug|Any CPU
		Release|Any CPU = Release|Any CPU
	EndGlobalSection
	GlobalSection(ProjectConfigurationPlatforms) = postSolution
		{14391B19-19DE-43CB-98A1-F94617713517}.Debug|Any CPU.ActiveCfg = Debug|Any CPU
		{14391B19-19DE-43CB-98A1-F94617713517}.Debug|Any CPU.Build.0 = Debug|Any CPU
		{14391B19-19DE-43CB-98A1-F94617713517}.Release|Any CPU.ActiveCfg = Release|Any CPU
		{14391B19-19DE-43CB-98A1-F94617713517}.Release|Any CPU.Build.0 = Release|Any CPU
		{B849481A-3182-42FE-AD23-EAD6C38D0249}.Debug|Any CPU.ActiveCfg = Debug|Any CPU
		{B849481A-3182-42FE-AD23-EAD6C38D0249}.Debug|Any CPU.Build.0 = Debug|Any CPU
		{B849481A-3182-42FE-AD23-EAD6C38D0249}.Release|Any CPU.ActiveCfg = Release|Any CPU
		{B849481A-3182-42FE-AD23-EAD6C38D0249}.Release|Any CPU.Build.0 = Release|Any CPU
		{C645F7D2-0449-45F3-946F-FE82477B513F}.Debug|Any CPU.ActiveCfg = Debug|Any CPU
		{C645F7D2-0449-45F3-946F-FE82477B513F}.Debug|Any CPU.Build.0 = Debug|Any CPU
		{C645F7D2-0449-45F3-946F-FE82477B513F}.Release|Any CPU.ActiveCfg = Release|Any CPU
		{C645F7D2-0449-45F3-946F-FE82477B513F}.Release|Any CPU.Build.0 = Release|Any CPU
	EndGlobalSection
	GlobalSection(SolutionProperties) = preSolution
		HideSolutionNode = FALSE
	EndGlobalSection
	GlobalSection(ExtensibilityGlobals) = postSolution
		SolutionGuid = {C168C186-6DE4-4733-9648-591519B1A298}
	EndGlobalSection
EndGlobal
